
Microsoft Visual Studio Solution File, Format Version 12.00
# Visual Studio 15
VisualStudioVersion = 15.0.28010.2046
MinimumVisualStudioVersion = 10.0.40219.1
Project("{FAE04EC0-301F-11D3-BF4B-00C04F79EFBC}") = "TweeFlyPro", "TweeFlyPro\TweeFlyPro.csproj", "{268F4E20-82CB-4341-93B2-9690D0204442}"
EndProject
Global
	GlobalSection(SolutionConfigurationPlatforms) = preSolution
		Debug|Any CPU = Debug|Any CPU
		Release|Any CPU = Release|Any CPU
	EndGlobalSection
	GlobalSection(ProjectConfigurationPlatforms) = postSolution
		{268F4E20-82CB-4341-93B2-9690D0204442}.Debug|Any CPU.ActiveCfg = Debug|Any CPU
		{268F4E20-82CB-4341-93B2-9690D0204442}.Debug|Any CPU.Build.0 = Debug|Any CPU
		{268F4E20-82CB-4341-93B2-9690D0204442}.Release|Any CPU.ActiveCfg = Release|Any CPU
		{268F4E20-82CB-4341-93B2-9690D0204442}.Release|Any CPU.Build.0 = Release|Any CPU
	EndGlobalSection
	GlobalSection(SolutionProperties) = preSolution
		HideSolutionNode = FALSE
	EndGlobalSection
	GlobalSection(ExtensibilityGlobals) = postSolution
		SolutionGuid = {86FB3B0F-D138-4064-A258-267B772887D1}
	EndGlobalSection
EndGlobal
